
Microsoft Visual Studio Solution File, Format Version 12.00
# Visual Studio Version 16
VisualStudioVersion = 16.0.29409.12
MinimumVisualStudioVersion = 10.0.40219.1
Project("{FAE04EC0-301F-11D3-BF4B-00C04F79EFBC}") = "Easypeasy.Api", "Easypeasy.Api\Easypeasy.Api.csproj", "{0F74A188-A05A-4204-95A7-C91DD2AA78EC}"
EndProject
Global
	GlobalSection(SolutionConfigurationPlatforms) = preSolution
		Debug|Any CPU = Debug|Any CPU
		Release|Any CPU = Release|Any CPU
	EndGlobalSection
	GlobalSection(ProjectConfigurationPlatforms) = postSolution
		{0F74A188-A05A-4204-95A7-C91DD2AA78EC}.Debug|Any CPU.ActiveCfg = Debug|Any CPU
		{0F74A188-A05A-4204-95A7-C91DD2AA78EC}.Debug|Any CPU.Build.0 = Debug|Any CPU
		{0F74A188-A05A-4204-95A7-C91DD2AA78EC}.Release|Any CPU.ActiveCfg = Release|Any CPU
		{0F74A188-A05A-4204-95A7-C91DD2AA78EC}.Release|Any CPU.Build.0 = Release|Any CPU
	EndGlobalSection
	GlobalSection(SolutionProperties) = preSolution
		HideSolutionNode = FALSE
	EndGlobalSection
	GlobalSection(ExtensibilityGlobals) = postSolution
		SolutionGuid = {67FF71D2-6D5D-4B11-8577-7FB1470D523F}
	EndGlobalSection
EndGlobal
